
Microsoft Visual Studio Solution File, Format Version 12.00
# Visual Studio Version 16
VisualStudioVersion = 16.0.31702.278
MinimumVisualStudioVersion = 10.0.40219.1
Project("{9A19103F-16F7-4668-BE54-9A1E7A4F7556}") = "OnlineStoreCore", "ConsoleOnlineStore\OnlineStoreCore.csproj", "{3594FF01-5E29-4C89-9DC7-51A6E74D94F2}"
EndProject
Project("{FAE04EC0-301F-11D3-BF4B-00C04F79EFBC}") = "OnlineStoreView", "OnlineStoreView\OnlineStoreView.csproj", "{057043B8-C029-4247-8D90-4FC76AC76862}"
EndProject
Global
	GlobalSection(SolutionConfigurationPlatforms) = preSolution
		Debug|Any CPU = Debug|Any CPU
		Release|Any CPU = Release|Any CPU
	EndGlobalSection
	GlobalSection(ProjectConfigurationPlatforms) = postSolution
		{3594FF01-5E29-4C89-9DC7-51A6E74D94F2}.Debug|Any CPU.ActiveCfg = Debug|Any CPU
		{3594FF01-5E29-4C89-9DC7-51A6E74D94F2}.Debug|Any CPU.Build.0 = Debug|Any CPU
		{3594FF01-5E29-4C89-9DC7-51A6E74D94F2}.Release|Any CPU.ActiveCfg = Release|Any CPU
		{3594FF01-5E29-4C89-9DC7-51A6E74D94F2}.Release|Any CPU.Build.0 = Release|Any CPU
		{057043B8-C029-4247-8D90-4FC76AC76862}.Debug|Any CPU.ActiveCfg = Debug|Any CPU
		{057043B8-C029-4247-8D90-4FC76AC76862}.Debug|Any CPU.Build.0 = Debug|Any CPU
		{057043B8-C029-4247-8D90-4FC76AC76862}.Release|Any CPU.ActiveCfg = Release|Any CPU
		{057043B8-C029-4247-8D90-4FC76AC76862}.Release|Any CPU.Build.0 = Release|Any CPU
	EndGlobalSection
	GlobalSection(SolutionProperties) = preSolution
		HideSolutionNode = FALSE
	EndGlobalSection
	GlobalSection(ExtensibilityGlobals) = postSolution
		SolutionGuid = {9AA76E7E-57E5-4864-9BAB-3AA4D54BF036}
	EndGlobalSection
EndGlobal
